
Microsoft Visual Studio Solution File, Format Version 12.00
# Visual Studio Version 17
VisualStudioVersion = 17.4.33122.133
MinimumVisualStudioVersion = 10.0.40219.1
Project("{2150E333-8FDC-42A3-9474-1A3956D46DE8}") = "Solution Items", "Solution Items", "{522BB216-080C-4388-92FC-F3F6A99DECB0}"
	ProjectSection(SolutionItems) = preProject
		.gitattributes = .gitattributes
		.gitignore = .gitignore
		LICENSE.txt = LICENSE.txt
		README.md = README.md
	EndProjectSection
EndProject
Project("{9A19103F-16F7-4668-BE54-9A1E7A4F7556}") = "ASP.NET Core Empty", "ASP.NET Core Empty\ASP.NET Core Empty.csproj", "{DB98CD6E-A406-4E23-B26A-3D380F76E47E}"
EndProject
Project("{9A19103F-16F7-4668-BE54-9A1E7A4F7556}") = "ASP.NET Core Empty without Top-Level Statements", "ASP.NET Core Empty without Top-Level Statements\ASP.NET Core Empty without Top-Level Statements.csproj", "{FCDDCEDB-73A5-4237-8995-8282441EE14A}"
EndProject
Project("{9A19103F-16F7-4668-BE54-9A1E7A4F7556}") = "ASP.NET Core Web App", "ASP.NET Core Web App\ASP.NET Core Web App.csproj", "{40D6F238-F80F-4A02-9E11-4010ACC98463}"
EndProject
Project("{9A19103F-16F7-4668-BE54-9A1E7A4F7556}") = "ASP.NET Core Web App without Top-Level Statements", "ASP.NET Core Web App without Top-Level Statements\ASP.NET Core Web App without Top-Level Statements.csproj", "{27310042-A1CB-4F2F-805D-CD4211A89040}"
EndProject
Project("{9A19103F-16F7-4668-BE54-9A1E7A4F7556}") = "ASP.NET Core Web App (Model-View-Controller)", "ASP.NET Core Web App (Model-View-Controller)\ASP.NET Core Web App (Model-View-Controller).csproj", "{29CF14EB-28C7-4C4F-9345-B45A856A726D}"
EndProject
Project("{9A19103F-16F7-4668-BE54-9A1E7A4F7556}") = "ASP.NET Core Web API with Controllers and OpenAPI support", "ASP.NET Core Web API with Controllers and OpenAPI support\ASP.NET Core Web API with Controllers and OpenAPI support.csproj", "{A3FC1780-0530-4D2F-8177-393992F4AC80}"
EndProject
Project("{9A19103F-16F7-4668-BE54-9A1E7A4F7556}") = "ASP.NET Core Web API with Minimal APIs and OpenAPI support", "ASP.NET Core Web API with Minimal APIs and OpenAPI support\ASP.NET Core Web API with Minimal APIs and OpenAPI support.csproj", "{9B8D05B5-B2EA-4746-8DD9-EE49D66821EF}"
EndProject
Project("{9A19103F-16F7-4668-BE54-9A1E7A4F7556}") = "ASP.NET Core gRPC Service", "ASP.NET Core gRPC Service\ASP.NET Core gRPC Service.csproj", "{67A5571D-BF64-444C-9820-BFA9A3AC759E}"
EndProject
Project("{9A19103F-16F7-4668-BE54-9A1E7A4F7556}") = "ASP.NET Core with Angular", "ASP.NET Core with Angular\ASP.NET Core with Angular.csproj", "{57519DED-C486-4090-A362-2FCA3FBEF49D}"
EndProject
Project("{9A19103F-16F7-4668-BE54-9A1E7A4F7556}") = "ASP.NET Core with React.js", "ASP.NET Core with React.js\ASP.NET Core with React.js.csproj", "{E393884E-F015-435F-B2A5-29F6C3B7025D}"
EndProject
Project("{9A19103F-16F7-4668-BE54-9A1E7A4F7556}") = "Blazor Server App", "Blazor Server App\Blazor Server App.csproj", "{C2768D6E-B86D-4B52-8DA2-3FFA9E17CE6D}"
EndProject
Project("{9A19103F-16F7-4668-BE54-9A1E7A4F7556}") = "Blazor Server App Empty", "Blazor Server App Empty\Blazor Server App Empty.csproj", "{06F600A0-0039-42DC-9026-F0CC9690F780}"
EndProject
Project("{9A19103F-16F7-4668-BE54-9A1E7A4F7556}") = "Blazor WebAssembly App Empty", "Blazor WebAssembly App Empty\Blazor WebAssembly App Empty.csproj", "{098EAD97-1FE2-4B9F-A583-EA106A9BC2D0}"
EndProject
Project("{9A19103F-16F7-4668-BE54-9A1E7A4F7556}") = "Blazor WebAssembly App", "Blazor WebAssembly App\Blazor WebAssembly App.csproj", "{235CEE1F-B94A-468D-8BCF-ADAF6235AF3E}"
EndProject
Project("{9A19103F-16F7-4668-BE54-9A1E7A4F7556}") = "ASP.NET Core Web API with Windows Authentication", "ASP.NET Core Web API with Windows Authentication\ASP.NET Core Web API with Windows Authentication.csproj", "{6F0853C1-7699-47BA-B750-E171CC3086A2}"
EndProject
Project("{9A19103F-16F7-4668-BE54-9A1E7A4F7556}") = "MVC7", "MVC7\MVC7.csproj", "{547BAD57-43D6-46DE-9425-5A9B42286885}"
EndProject
Global
	GlobalSection(SolutionConfigurationPlatforms) = preSolution
		Debug|Any CPU = Debug|Any CPU
		Release|Any CPU = Release|Any CPU
	EndGlobalSection
	GlobalSection(ProjectConfigurationPlatforms) = postSolution
		{DB98CD6E-A406-4E23-B26A-3D380F76E47E}.Debug|Any CPU.ActiveCfg = Debug|Any CPU
		{DB98CD6E-A406-4E23-B26A-3D380F76E47E}.Debug|Any CPU.Build.0 = Debug|Any CPU
		{DB98CD6E-A406-4E23-B26A-3D380F76E47E}.Release|Any CPU.ActiveCfg = Release|Any CPU
		{DB98CD6E-A406-4E23-B26A-3D380F76E47E}.Release|Any CPU.Build.0 = Release|Any CPU
		{FCDDCEDB-73A5-4237-8995-8282441EE14A}.Debug|Any CPU.ActiveCfg = Debug|Any CPU
		{FCDDCEDB-73A5-4237-8995-8282441EE14A}.Debug|Any CPU.Build.0 = Debug|Any CPU
		{FCDDCEDB-73A5-4237-8995-8282441EE14A}.Release|Any CPU.ActiveCfg = Release|Any CPU
		{FCDDCEDB-73A5-4237-8995-8282441EE14A}.Release|Any CPU.Build.0 = Release|Any CPU
		{40D6F238-F80F-4A02-9E11-4010ACC98463}.Debug|Any CPU.ActiveCfg = Debug|Any CPU
		{40D6F238-F80F-4A02-9E11-4010ACC98463}.Debug|Any CPU.Build.0 = Debug|Any CPU
		{40D6F238-F80F-4A02-9E11-4010ACC98463}.Release|Any CPU.ActiveCfg = Release|Any CPU
		{40D6F238-F80F-4A02-9E11-4010ACC98463}.Release|Any CPU.Build.0 = Release|Any CPU
		{27310042-A1CB-4F2F-805D-CD4211A89040}.Debug|Any CPU.ActiveCfg = Debug|Any CPU
		{27310042-A1CB-4F2F-805D-CD4211A89040}.Debug|Any CPU.Build.0 = Debug|Any CPU
		{27310042-A1CB-4F2F-805D-CD4211A89040}.Release|Any CPU.ActiveCfg = Release|Any CPU
		{27310042-A1CB-4F2F-805D-CD4211A89040}.Release|Any CPU.Build.0 = Release|Any CPU
		{29CF14EB-28C7-4C4F-9345-B45A856A726D}.Debug|Any CPU.ActiveCfg = Debug|Any CPU
		{29CF14EB-28C7-4C4F-9345-B45A856A726D}.Debug|Any CPU.Build.0 = Debug|Any CPU
		{29CF14EB-28C7-4C4F-9345-B45A856A726D}.Release|Any CPU.ActiveCfg = Release|Any CPU
		{29CF14EB-28C7-4C4F-9345-B45A856A726D}.Release|Any CPU.Build.0 = Release|Any CPU
		{A3FC1780-0530-4D2F-8177-393992F4AC80}.Debug|Any CPU.ActiveCfg = Debug|Any CPU
		{A3FC1780-0530-4D2F-8177-393992F4AC80}.Debug|Any CPU.Build.0 = Debug|Any CPU
		{A3FC1780-0530-4D2F-8177-393992F4AC80}.Release|Any CPU.ActiveCfg = Release|Any CPU
		{A3FC1780-0530-4D2F-8177-393992F4AC80}.Release|Any CPU.Build.0 = Release|Any CPU
		{9B8D05B5-B2EA-4746-8DD9-EE49D66821EF}.Debug|Any CPU.ActiveCfg = Debug|Any CPU
		{9B8D05B5-B2EA-4746-8DD9-EE49D66821EF}.Debug|Any CPU.Build.0 = Debug|Any CPU
		{9B8D05B5-B2EA-4746-8DD9-EE49D66821EF}.Release|Any CPU.ActiveCfg = Release|Any CPU
		{9B8D05B5-B2EA-4746-8DD9-EE49D66821EF}.Release|Any CPU.Build.0 = Release|Any CPU
		{67A5571D-BF64-444C-9820-BFA9A3AC759E}.Debug|Any CPU.ActiveCfg = Debug|Any CPU
		{67A5571D-BF64-444C-9820-BFA9A3AC759E}.Debug|Any CPU.Build.0 = Debug|Any CPU
		{67A5571D-BF64-444C-9820-BFA9A3AC759E}.Release|Any CPU.ActiveCfg = Release|Any CPU
		{67A5571D-BF64-444C-9820-BFA9A3AC759E}.Release|Any CPU.Build.0 = Release|Any CPU
		{57519DED-C486-4090-A362-2FCA3FBEF49D}.Debug|Any CPU.ActiveCfg = Debug|Any CPU
		{57519DED-C486-4090-A362-2FCA3FBEF49D}.Debug|Any CPU.Build.0 = Debug|Any CPU
		{57519DED-C486-4090-A362-2FCA3FBEF49D}.Release|Any CPU.ActiveCfg = Release|Any CPU
		{57519DED-C486-4090-A362-2FCA3FBEF49D}.Release|Any CPU.Build.0 = Release|Any CPU
		{E393884E-F015-435F-B2A5-29F6C3B7025D}.Debug|Any CPU.ActiveCfg = Debug|Any CPU
		{E393884E-F015-435F-B2A5-29F6C3B7025D}.Debug|Any CPU.Build.0 = Debug|Any CPU
		{E393884E-F015-435F-B2A5-29F6C3B7025D}.Release|Any CPU.ActiveCfg = Release|Any CPU
		{E393884E-F015-435F-B2A5-29F6C3B7025D}.Release|Any CPU.Build.0 = Release|Any CPU
		{C2768D6E-B86D-4B52-8DA2-3FFA9E17CE6D}.Debug|Any CPU.ActiveCfg = Debug|Any CPU
		{C2768D6E-B86D-4B52-8DA2-3FFA9E17CE6D}.Debug|Any CPU.Build.0 = Debug|Any CPU
		{C2768D6E-B86D-4B52-8DA2-3FFA9E17CE6D}.Release|Any CPU.ActiveCfg = Release|Any CPU
		{C2768D6E-B86D-4B52-8DA2-3FFA9E17CE6D}.Release|Any CPU.Build.0 = Release|Any CPU
		{06F600A0-0039-42DC-9026-F0CC9690F780}.Debug|Any CPU.ActiveCfg = Debug|Any CPU
		{06F600A0-0039-42DC-9026-F0CC9690F780}.Debug|Any CPU.Build.0 = Debug|Any CPU
		{06F600A0-0039-42DC-9026-F0CC9690F780}.Release|Any CPU.ActiveCfg = Release|Any CPU
		{06F600A0-0039-42DC-9026-F0CC9690F780}.Release|Any CPU.Build.0 = Release|Any CPU
		{098EAD97-1FE2-4B9F-A583-EA106A9BC2D0}.Debug|Any CPU.ActiveCfg = Debug|Any CPU
		{098EAD97-1FE2-4B9F-A583-EA106A9BC2D0}.Debug|Any CPU.Build.0 = Debug|Any CPU
		{098EAD97-1FE2-4B9F-A583-EA106A9BC2D0}.Release|Any CPU.ActiveCfg = Release|Any CPU
		{098EAD97-1FE2-4B9F-A583-EA106A9BC2D0}.Release|Any CPU.Build.0 = Release|Any CPU
		{235CEE1F-B94A-468D-8BCF-ADAF6235AF3E}.Debug|Any CPU.ActiveCfg = Debug|Any CPU
		{235CEE1F-B94A-468D-8BCF-ADAF6235AF3E}.Debug|Any CPU.Build.0 = Debug|Any CPU
		{235CEE1F-B94A-468D-8BCF-ADAF6235AF3E}.Release|Any CPU.ActiveCfg = Release|Any CPU
		{235CEE1F-B94A-468D-8BCF-ADAF6235AF3E}.Release|Any CPU.Build.0 = Release|Any CPU
		{6F0853C1-7699-47BA-B750-E171CC3086A2}.Debug|Any CPU.ActiveCfg = Debug|Any CPU
		{6F0853C1-7699-47BA-B750-E171CC3086A2}.Debug|Any CPU.Build.0 = Debug|Any CPU
		{6F0853C1-7699-47BA-B750-E171CC3086A2}.Release|Any CPU.ActiveCfg = Release|Any CPU
		{6F0853C1-7699-47BA-B750-E171CC3086A2}.Release|Any CPU.Build.0 = Release|Any CPU
		{547BAD57-43D6-46DE-9425-5A9B42286885}.Debug|Any CPU.ActiveCfg = Debug|Any CPU
		{547BAD57-43D6-46DE-9425-5A9B42286885}.Debug|Any CPU.Build.0 = Debug|Any CPU
		{547BAD57-43D6-46DE-9425-5A9B42286885}.Release|Any CPU.ActiveCfg = Release|Any CPU
		{547BAD57-43D6-46DE-9425-5A9B42286885}.Release|Any CPU.Build.0 = Release|Any CPU
	EndGlobalSection
	GlobalSection(SolutionProperties) = preSolution
		HideSolutionNode = FALSE
	EndGlobalSection
	GlobalSection(ExtensibilityGlobals) = postSolution
		SolutionGuid = {E91944F5-A6AA-4778-ABBC-31A3081990C2}
	EndGlobalSection
EndGlobal
