
Microsoft Visual Studio Solution File, Format Version 12.00
# Visual Studio Version 17
VisualStudioVersion = 17.4.33122.133
MinimumVisualStudioVersion = 10.0.40219.1
Project("{2150E333-8FDC-42A3-9474-1A3956D46DE8}") = "Solution Items", "Solution Items", "{522BB216-080C-4388-92FC-F3F6A99DECB0}"
	ProjectSection(SolutionItems) = preProject
		.gitattributes = .gitattributes
		.gitignore = .gitignore
		LICENSE.txt = LICENSE.txt
		README.md = README.md
	EndProjectSection
EndProject
Project("{FAE04EC0-301F-11D3-BF4B-00C04F79EFBC}") = "ASP.NET Core Empty", "ASP.NET Core Empty\ASP.NET Core Empty.csproj", "{DB98CD6E-A406-4E23-B26A-3D380F76E47E}"
EndProject
Project("{FAE04EC0-301F-11D3-BF4B-00C04F79EFBC}") = "ASP.NET Core Empty without Top-Level Statements", "ASP.NET Core Empty without Top-Level Statements\ASP.NET Core Empty without Top-Level Statements.csproj", "{FCDDCEDB-73A5-4237-8995-8282441EE14A}"
EndProject
Project("{FAE04EC0-301F-11D3-BF4B-00C04F79EFBC}") = "ASP.NET Core Web App", "ASP.NET Core Web App\ASP.NET Core Web App.csproj", "{40D6F238-F80F-4A02-9E11-4010ACC98463}"
EndProject
Project("{FAE04EC0-301F-11D3-BF4B-00C04F79EFBC}") = "ASP.NET Core Web App without Top-Level Statements", "ASP.NET Core Web App without Top-Level Statements\ASP.NET Core Web App without Top-Level Statements.csproj", "{27310042-A1CB-4F2F-805D-CD4211A89040}"
EndProject
Project("{FAE04EC0-301F-11D3-BF4B-00C04F79EFBC}") = "ASP.NET Core Web App (Model-View-Controller)", "ASP.NET Core Web App (Model-View-Controller)\ASP.NET Core Web App (Model-View-Controller).csproj", "{29CF14EB-28C7-4C4F-9345-B45A856A726D}"
EndProject
Project("{FAE04EC0-301F-11D3-BF4B-00C04F79EFBC}") = "ASP.NET Core Web App (Model-View-Controller) without Top-Level Statements", "ASP.NET Core Web App (Model-View-Controller) without Top-Level Statements\ASP.NET Core Web App (Model-View-Controller) without Top-Level Statements.csproj", "{A6C57833-FE7D-4BB8-9375-7DA0947BC48B}"
EndProject
Project("{FAE04EC0-301F-11D3-BF4B-00C04F79EFBC}") = "ASP.NET Core Web API with Controllers and OpenAPI support", "ASP.NET Core Web API with Controllers and OpenAPI support\ASP.NET Core Web API with Controllers and OpenAPI support.csproj", "{A3FC1780-0530-4D2F-8177-393992F4AC80}"
EndProject
Project("{FAE04EC0-301F-11D3-BF4B-00C04F79EFBC}") = "ASP.NET Core Web API with Minimal APIs and OpenAPI support", "ASP.NET Core Web API with Minimal APIs and OpenAPI support\ASP.NET Core Web API with Minimal APIs and OpenAPI support.csproj", "{9B8D05B5-B2EA-4746-8DD9-EE49D66821EF}"
EndProject
Global
	GlobalSection(SolutionConfigurationPlatforms) = preSolution
		Debug|Any CPU = Debug|Any CPU
		Release|Any CPU = Release|Any CPU
	EndGlobalSection
	GlobalSection(ProjectConfigurationPlatforms) = postSolution
		{DB98CD6E-A406-4E23-B26A-3D380F76E47E}.Debug|Any CPU.ActiveCfg = Debug|Any CPU
		{DB98CD6E-A406-4E23-B26A-3D380F76E47E}.Debug|Any CPU.Build.0 = Debug|Any CPU
		{DB98CD6E-A406-4E23-B26A-3D380F76E47E}.Release|Any CPU.ActiveCfg = Release|Any CPU
		{DB98CD6E-A406-4E23-B26A-3D380F76E47E}.Release|Any CPU.Build.0 = Release|Any CPU
		{FCDDCEDB-73A5-4237-8995-8282441EE14A}.Debug|Any CPU.ActiveCfg = Debug|Any CPU
		{FCDDCEDB-73A5-4237-8995-8282441EE14A}.Debug|Any CPU.Build.0 = Debug|Any CPU
		{FCDDCEDB-73A5-4237-8995-8282441EE14A}.Release|Any CPU.ActiveCfg = Release|Any CPU
		{FCDDCEDB-73A5-4237-8995-8282441EE14A}.Release|Any CPU.Build.0 = Release|Any CPU
		{40D6F238-F80F-4A02-9E11-4010ACC98463}.Debug|Any CPU.ActiveCfg = Debug|Any CPU
		{40D6F238-F80F-4A02-9E11-4010ACC98463}.Debug|Any CPU.Build.0 = Debug|Any CPU
		{40D6F238-F80F-4A02-9E11-4010ACC98463}.Release|Any CPU.ActiveCfg = Release|Any CPU
		{40D6F238-F80F-4A02-9E11-4010ACC98463}.Release|Any CPU.Build.0 = Release|Any CPU
		{27310042-A1CB-4F2F-805D-CD4211A89040}.Debug|Any CPU.ActiveCfg = Debug|Any CPU
		{27310042-A1CB-4F2F-805D-CD4211A89040}.Debug|Any CPU.Build.0 = Debug|Any CPU
		{27310042-A1CB-4F2F-805D-CD4211A89040}.Release|Any CPU.ActiveCfg = Release|Any CPU
		{27310042-A1CB-4F2F-805D-CD4211A89040}.Release|Any CPU.Build.0 = Release|Any CPU
		{29CF14EB-28C7-4C4F-9345-B45A856A726D}.Debug|Any CPU.ActiveCfg = Debug|Any CPU
		{29CF14EB-28C7-4C4F-9345-B45A856A726D}.Debug|Any CPU.Build.0 = Debug|Any CPU
		{29CF14EB-28C7-4C4F-9345-B45A856A726D}.Release|Any CPU.ActiveCfg = Release|Any CPU
		{29CF14EB-28C7-4C4F-9345-B45A856A726D}.Release|Any CPU.Build.0 = Release|Any CPU
		{A6C57833-FE7D-4BB8-9375-7DA0947BC48B}.Debug|Any CPU.ActiveCfg = Debug|Any CPU
		{A6C57833-FE7D-4BB8-9375-7DA0947BC48B}.Debug|Any CPU.Build.0 = Debug|Any CPU
		{A6C57833-FE7D-4BB8-9375-7DA0947BC48B}.Release|Any CPU.ActiveCfg = Release|Any CPU
		{A6C57833-FE7D-4BB8-9375-7DA0947BC48B}.Release|Any CPU.Build.0 = Release|Any CPU
		{A3FC1780-0530-4D2F-8177-393992F4AC80}.Debug|Any CPU.ActiveCfg = Debug|Any CPU
		{A3FC1780-0530-4D2F-8177-393992F4AC80}.Debug|Any CPU.Build.0 = Debug|Any CPU
		{A3FC1780-0530-4D2F-8177-393992F4AC80}.Release|Any CPU.ActiveCfg = Release|Any CPU
		{A3FC1780-0530-4D2F-8177-393992F4AC80}.Release|Any CPU.Build.0 = Release|Any CPU
		{9B8D05B5-B2EA-4746-8DD9-EE49D66821EF}.Debug|Any CPU.ActiveCfg = Debug|Any CPU
		{9B8D05B5-B2EA-4746-8DD9-EE49D66821EF}.Debug|Any CPU.Build.0 = Debug|Any CPU
		{9B8D05B5-B2EA-4746-8DD9-EE49D66821EF}.Release|Any CPU.ActiveCfg = Release|Any CPU
		{9B8D05B5-B2EA-4746-8DD9-EE49D66821EF}.Release|Any CPU.Build.0 = Release|Any CPU
	EndGlobalSection
	GlobalSection(SolutionProperties) = preSolution
		HideSolutionNode = FALSE
	EndGlobalSection
	GlobalSection(ExtensibilityGlobals) = postSolution
		SolutionGuid = {E91944F5-A6AA-4778-ABBC-31A3081990C2}
	EndGlobalSection
EndGlobal
